
Microsoft Visual Studio Solution File, Format Version 12.00
# Visual Studio Version 17
VisualStudioVersion = 17.0.31919.166
MinimumVisualStudioVersion = 10.0.40219.1
Project("{9A19103F-16F7-4668-BE54-9A1E7A4F7556}") = "QuickApi", "QuickApi\QuickApi.csproj", "{82FFFD07-F11A-4D19-ADFF-6B1B3F47D28E}"
EndProject
Project("{FAE04EC0-301F-11D3-BF4B-00C04F79EFBC}") = "SimpleAPI2.0", "SimpleAPI2.0\SimpleAPI2.0.csproj", "{FCF5E2D7-E2EE-4892-94DE-BA717818A840}"
EndProject
Global
	GlobalSection(SolutionConfigurationPlatforms) = preSolution
		Debug|Any CPU = Debug|Any CPU
		Debug|x64 = Debug|x64
		Debug|x86 = Debug|x86
		Release|Any CPU = Release|Any CPU
		Release|x64 = Release|x64
		Release|x86 = Release|x86
	EndGlobalSection
	GlobalSection(ProjectConfigurationPlatforms) = postSolution
		{82FFFD07-F11A-4D19-ADFF-6B1B3F47D28E}.Debug|Any CPU.ActiveCfg = Debug|Any CPU
		{82FFFD07-F11A-4D19-ADFF-6B1B3F47D28E}.Debug|Any CPU.Build.0 = Debug|Any CPU
		{82FFFD07-F11A-4D19-ADFF-6B1B3F47D28E}.Debug|x64.ActiveCfg = Debug|Any CPU
		{82FFFD07-F11A-4D19-ADFF-6B1B3F47D28E}.Debug|x64.Build.0 = Debug|Any CPU
		{82FFFD07-F11A-4D19-ADFF-6B1B3F47D28E}.Debug|x86.ActiveCfg = Debug|Any CPU
		{82FFFD07-F11A-4D19-ADFF-6B1B3F47D28E}.Debug|x86.Build.0 = Debug|Any CPU
		{82FFFD07-F11A-4D19-ADFF-6B1B3F47D28E}.Release|Any CPU.ActiveCfg = Release|Any CPU
		{82FFFD07-F11A-4D19-ADFF-6B1B3F47D28E}.Release|Any CPU.Build.0 = Release|Any CPU
		{82FFFD07-F11A-4D19-ADFF-6B1B3F47D28E}.Release|x64.ActiveCfg = Release|Any CPU
		{82FFFD07-F11A-4D19-ADFF-6B1B3F47D28E}.Release|x64.Build.0 = Release|Any CPU
		{82FFFD07-F11A-4D19-ADFF-6B1B3F47D28E}.Release|x86.ActiveCfg = Release|Any CPU
		{82FFFD07-F11A-4D19-ADFF-6B1B3F47D28E}.Release|x86.Build.0 = Release|Any CPU
		{FCF5E2D7-E2EE-4892-94DE-BA717818A840}.Debug|Any CPU.ActiveCfg = Debug|Any CPU
		{FCF5E2D7-E2EE-4892-94DE-BA717818A840}.Debug|Any CPU.Build.0 = Debug|Any CPU
		{FCF5E2D7-E2EE-4892-94DE-BA717818A840}.Debug|x64.ActiveCfg = Debug|Any CPU
		{FCF5E2D7-E2EE-4892-94DE-BA717818A840}.Debug|x64.Build.0 = Debug|Any CPU
		{FCF5E2D7-E2EE-4892-94DE-BA717818A840}.Debug|x86.ActiveCfg = Debug|Any CPU
		{FCF5E2D7-E2EE-4892-94DE-BA717818A840}.Debug|x86.Build.0 = Debug|Any CPU
		{FCF5E2D7-E2EE-4892-94DE-BA717818A840}.Release|Any CPU.ActiveCfg = Release|Any CPU
		{FCF5E2D7-E2EE-4892-94DE-BA717818A840}.Release|Any CPU.Build.0 = Release|Any CPU
		{FCF5E2D7-E2EE-4892-94DE-BA717818A840}.Release|x64.ActiveCfg = Release|Any CPU
		{FCF5E2D7-E2EE-4892-94DE-BA717818A840}.Release|x64.Build.0 = Release|Any CPU
		{FCF5E2D7-E2EE-4892-94DE-BA717818A840}.Release|x86.ActiveCfg = Release|Any CPU
		{FCF5E2D7-E2EE-4892-94DE-BA717818A840}.Release|x86.Build.0 = Release|Any CPU
	EndGlobalSection
	GlobalSection(SolutionProperties) = preSolution
		HideSolutionNode = FALSE
	EndGlobalSection
	GlobalSection(ExtensibilityGlobals) = postSolution
		SolutionGuid = {E4973E79-C0C3-4E03-935A-BE9E49FB6907}
	EndGlobalSection
EndGlobal
